// !$*UTF8*$!
{
	archiveVersion = 1;
	classes = {
	};
	objectVersion = 50;
	objects = {

/* Begin PBXBuildFile section */
		21FC0BF424779F1000BE7620 /* AppDelegate.swift in Sources */ = {isa = PBXBuildFile; fileRef = 21FC0BF324779F1000BE7620 /* AppDelegate.swift */; };
		21FC0BF624779F1000BE7620 /* SceneDelegate.swift in Sources */ = {isa = PBXBuildFile; fileRef = 21FC0BF524779F1000BE7620 /* SceneDelegate.swift */; };
		21FC0BF824779F1000BE7620 /* ViewController.swift in Sources */ = {isa = PBXBuildFile; fileRef = 21FC0BF724779F1000BE7620 /* ViewController.swift */; };
		21FC0BFB24779F1000BE7620 /* Main.storyboard in Resources */ = {isa = PBXBuildFile; fileRef = 21FC0BF924779F1000BE7620 /* Main.storyboard */; };
		21FC0BFD24779F1400BE7620 /* Assets.xcassets in Resources */ = {isa = PBXBuildFile; fileRef = 21FC0BFC24779F1400BE7620 /* Assets.xcassets */; };
		21FC0C0024779F1400BE7620 /* LaunchScreen.storyboard in Resources */ = {isa = PBXBuildFile; fileRef = 21FC0BFE24779F1400BE7620 /* LaunchScreen.storyboard */; };
/* End PBXBuildFile section */

/* Begin PBXFileReference section */
		21FC0BF024779F1000BE7620 /* XYZMotionDetectorApp.app */ = {isa = PBXFileReference; explicitFileType = wrapper.application; includeInIndex = 0; path = XYZMotionDetectorApp.app; sourceTree = BUILT_PRODUCTS_DIR; };
		21FC0BF324779F1000BE7620 /* AppDelegate.swift */ = {isa = PBXFileReference; lastKnownFileType = sourcecode.swift; path = AppDelegate.swift; sourceTree = "<group>"; };
		21FC0BF524779F1000BE7620 /* SceneDelegate.swift */ = {isa = PBXFileReference; lastKnownFileType = sourcecode.swift; path = SceneDelegate.swift; sourceTree = "<group>"; };
		21FC0BF724779F1000BE7620 /* ViewController.swift */ = {isa = PBXFileReference; lastKnownFileType = sourcecode.swift; path = ViewController.swift; sourceTree = "<group>"; };
		21FC0BFA24779F1000BE7620 /* Base */ = {isa = PBXFileReference; lastKnownFileType = file.storyboard; name = Base; path = Base.lproj/Main.storyboard; sourceTree = "<group>"; };
		21FC0BFC24779F1400BE7620 /* Assets.xcassets */ = {isa = PBXFileReference; lastKnownFileType = folder.assetcatalog; path = Assets.xcassets; sourceTree = "<group>"; };
		21FC0BFF24779F1400BE7620 /* Base */ = {isa = PBXFileReference; lastKnownFileType = file.storyboard; name = Base; path = Base.lproj/LaunchScreen.storyboard; sourceTree = "<group>"; };
		21FC0C0124779F1400BE7620 /* Info.plist */ = {isa = PBXFileReference; lastKnownFileType = text.plist.xml; path = Info.plist; sourceTree = "<group>"; };
/* End PBXFileReference section */

/* Begin PBXFrameworksBuildPhase section */
		21FC0BED24779F1000BE7620 /* Frameworks */ = {
			isa = PBXFrameworksBuildPhase;
			buildActionMask = 2147483647;
			files = (
			);
			runOnlyForDeploymentPostprocessing = 0;
		};
/* End PBXFrameworksBuildPhase section */

/* Begin PBXGroup section */
		21FC0BE724779F0F00BE7620 = {
			isa = PBXGroup;
			children = (
				21FC0BF224779F1000BE7620 /* XYZMotionDetectorApp */,
				21FC0BF124779F1000BE7620 /* Products */,
			);
			sourceTree = "<group>";
		};
		21FC0BF124779F1000BE7620 /* Products */ = {
			isa = PBXGroup;
			children = (
				21FC0BF024779F1000BE7620 /* XYZMotionDetectorApp.app */,
			);
			name = Products;
			sourceTree = "<group>";
		};
		21FC0BF224779F1000BE7620 /* XYZMotionDetectorApp */ = {
			isa = PBXGroup;
			children = (
				21FC0BF324779F1000BE7620 /* AppDelegate.swift */,
				21FC0BF524779F1000BE7620 /* SceneDelegate.swift */,
				21FC0BF724779F1000BE7620 /* ViewController.swift */,
				21FC0BF924779F1000BE7620 /* Main.storyboard */,
				21FC0BFC24779F1400BE7620 /* Assets.xcassets */,
				21FC0BFE24779F1400BE7620 /* LaunchScreen.storyboard */,
				21FC0C0124779F1400BE7620 /* Info.plist */,
			);
			path = XYZMotionDetectorApp;
			sourceTree = "<group>";
		};
/* End PBXGroup section */

/* Begin PBXNativeTarget section */
		21FC0BEF24779F1000BE7620 /* XYZMotionDetectorApp */ = {
			isa = PBXNativeTarget;
			buildConfigurationList = 21FC0C0424779F1400BE7620 /* Build configuration list for PBXNativeTarget "XYZMotionDetectorApp" */;
			buildPhases = (
				21FC0BEC24779F1000BE7620 /* Sources */,
				21FC0BED24779F1000BE7620 /* Frameworks */,
				21FC0BEE24779F1000BE7620 /* Resources */,
			);
			buildRules = (
			);
			dependencies = (
			);
			name = XYZMotionDetectorApp;
			productName = XYZMotionDetectorApp;
			productReference = 21FC0BF024779F1000BE7620 /* XYZMotionDetectorApp.app */;
			productType = "com.apple.product-type.application";
		};
/* End PBXNativeTarget section */

/* Begin PBXProject section */
		21FC0BE824779F0F00BE7620 /* Project object */ = {
			isa = PBXProject;
			attributes = {
				LastSwiftUpdateCheck = 1150;
				LastUpgradeCheck = 1150;
				ORGANIZATIONNAME = "Anton Veldanov";
				TargetAttributes = {
					21FC0BEF24779F1000BE7620 = {
						CreatedOnToolsVersion = 11.5;
					};
				};
			};
			buildConfigurationList = 21FC0BEB24779F0F00BE7620 /* Build configuration list for PBXProject "XYZMotionDetectorApp" */;
			compatibilityVersion = "Xcode 9.3";
			developmentRegion = en;
			hasScannedForEncodings = 0;
			knownRegions = (
				en,
				Base,
			);
			mainGroup = 21FC0BE724779F0F00BE7620;
			productRefGroup = 21FC0BF124779F1000BE7620 /* Products */;
			projectDirPath = "";
			projectRoot = "";
			targets = (
				21FC0BEF24779F1000BE7620 /* XYZMotionDetectorApp */,
			);
		};
/* End PBXProject section */

/* Begin PBXResourcesBuildPhase section */
		21FC0BEE24779F1000BE7620 /* Resources */ = {
			isa = PBXResourcesBuildPhase;
			buildActionMask = 2147483647;
			files = (
				21FC0C0024779F1400BE7620 /* LaunchScreen.storyboard in Resources */,
				21FC0BFD24779F1400BE7620 /* Assets.xcassets in Resources */,
				21FC0BFB24779F1000BE7620 /* Main.storyboard in Resources */,
			);
			runOnlyForDeploymentPostprocessing = 0;
		};
/* End PBXResourcesBuildPhase section */

/* Begin PBXSourcesBuildPhase section */
		21FC0BEC24779F1000BE7620 /* Sources */ = {
			isa = PBXSourcesBuildPhase;
			buildActionMask = 2147483647;
			files = (
				21FC0BF824779F1000BE7620 /* ViewController.swift in Sources */,
				21FC0BF424779F1000BE7620 /* AppDelegate.swift in Sources */,
				21FC0BF624779F1000BE7620 /* SceneDelegate.swift in Sources */,
			);
			runOnlyForDeploymentPostprocessing = 0;
		};
/* End PBXSourcesBuildPhase section */

/* Begin PBXVariantGroup section */
		21FC0BF924779F1000BE7620 /* Main.storyboard */ = {
			isa = PBXVariantGroup;
			children = (
				21FC0BFA24779F1000BE7620 /* Base */,
			);
			name = Main.storyboard;
			sourceTree = "<group>";
		};
		21FC0BFE24779F1400BE7620 /* LaunchScreen.storyboard */ = {
			isa = PBXVariantGroup;
			children = (
				21FC0BFF24779F1400BE7620 /* Base */,
			);
			name = LaunchScreen.storyboard;
			sourceTree = "<group>";
		};
/* End PBXVariantGroup section */

/* Begin XCBuildConfiguration section */
		21FC0C0224779F1400BE7620 /* Debug */ = {
			isa = XCBuildConfiguration;
			buildSettings = {
				ALWAYS_SEARCH_USER_PATHS = NO;
				CLANG_ANALYZER_NONNULL = YES;
				CLANG_ANALYZER_NUMBER_OBJECT_CONVERSION = YES_AGGRESSIVE;
				CLANG_CXX_LANGUAGE_STANDARD = "gnu++14";
				CLANG_CXX_LIBRARY = "libc++";
				CLANG_ENABLE_MODULES = YES;
				CLANG_ENABLE_OBJC_ARC = YES;
				CLANG_ENABLE_OBJC_WEAK = YES;
				CLANG_WARN_BLOCK_CAPTURE_AUTORELEASING = YES;
				CLANG_WARN_BOOL_CONVERSION = YES;
				CLANG_WARN_COMMA = YES;
				CLANG_WARN_CONSTANT_CONVERSION = YES;
				CLANG_WARN_DEPRECATED_OBJC_IMPLEMENTATIONS = YES;
				CLANG_WARN_DIRECT_OBJC_ISA_USAGE = YES_ERROR;
				CLANG_WARN_DOCUMENTATION_COMMENTS = YES;
				CLANG_WARN_EMPTY_BODY = YES;
				CLANG_WARN_ENUM_CONVERSION = YES;
				CLANG_WARN_INFINITE_RECURSION = YES;
				CLANG_WARN_INT_CONVERSION = YES;
				CLANG_WARN_NON_LITERAL_NULL_CONVERSION = YES;
				CLANG_WARN_OBJC_IMPLICIT_RETAIN_SELF = YES;
				CLANG_WARN_OBJC_LITERAL_CONVERSION = YES;
				CLANG_WARN_OBJC_ROOT_CLASS = YES_ERROR;
				CLANG_WARN_RANGE_LOOP_ANALYSIS = YES;
				CLANG_WARN_STRICT_PROTOTYPES = YES;
				CLANG_WARN_SUSPICIOUS_MOVE = YES;
				CLANG_WARN_UNGUARDED_AVAILABILITY = YES_AGGRESSIVE;
				CLANG_WARN_UNREACHABLE_CODE = YES;
				CLANG_WARN__DUPLICATE_METHOD_MATCH = YES;
				COPY_PHASE_STRIP = NO;
				DEBUG_INFORMATION_FORMAT = dwarf;
				ENABLE_STRICT_OBJC_MSGSEND = YES;
				ENABLE_TESTABILITY = YES;
				GCC_C_LANGUAGE_STANDARD = gnu11;
				GCC_DYNAMIC_NO_PIC = NO;
				GCC_NO_COMMON_BLOCKS = YES;
				GCC_OPTIMIZATION_LEVEL = 0;
				GCC_PREPROCESSOR_DEFINITIONS = (
					"DEBUG=1",
					"$(inherited)",
				);
				GCC_WARN_64_TO_32_BIT_CONVERSION = YES;
				GCC_WARN_ABOUT_RETURN_TYPE = YES_ERROR;
				GCC_WARN_UNDECLARED_SELECTOR = YES;
				GCC_WARN_UNINITIALIZED_AUTOS = YES_AGGRESSIVE;
				GCC_WARN_UNUSED_FUNCTION = YES;
				GCC_WARN_UNUSED_VARIABLE = YES;
				IPHONEOS_DEPLOYMENT_TARGET = 13.5;
				MTL_ENABLE_DEBUG_INFO = INCLUDE_SOURCE;
				MTL_FAST_MATH = YES;
				ONLY_ACTIVE_ARCH = YES;
				SDKROOT = iphoneos;
				SWIFT_ACTIVE_COMPILATION_CONDITIONS = DEBUG;
				SWIFT_OPTIMIZATION_LEVEL = "-Onone";
			};
			name = Debug;
		};
		21FC0C0324779F1400BE7620 /* Release */ = {
			isa = XCBuildConfiguration;
			buildSettings = {
				ALWAYS_SEARCH_USER_PATHS = NO;
				CLANG_ANALYZER_NONNULL = YES;
				CLANG_ANALYZER_NUMBER_OBJECT_CONVERSION = YES_AGGRESSIVE;
				CLANG_CXX_LANGUAGE_STANDARD = "gnu++14";
				CLANG_CXX_LIBRARY = "libc++";
				CLANG_ENABLE_MODULES = YES;
				CLANG_ENABLE_OBJC_ARC = YES;
				CLANG_ENABLE_OBJC_WEAK = YES;
				CLANG_WARN_BLOCK_CAPTURE_AUTORELEASING = YES;
				CLANG_WARN_BOOL_CONVERSION = YES;
				CLANG_WARN_COMMA = YES;
				CLANG_WARN_CONSTANT_CONVERSION = YES;
				CLANG_WARN_DEPRECATED_OBJC_IMPLEMENTATIONS = YES;
				CLANG_WARN_DIRECT_OBJC_ISA_USAGE = YES_ERROR;
				CLANG_WARN_DOCUMENTATION_COMMENTS = YES;
				CLANG_WARN_EMPTY_BODY = YES;
				CLANG_WARN_ENUM_CONVERSION = YES;
				CLANG_WARN_INFINITE_RECURSION = YES;
				CLANG_WARN_INT_CONVERSION = YES;
				CLANG_WARN_NON_LITERAL_NULL_CONVERSION = YES;
				CLANG_WARN_OBJC_IMPLICIT_RETAIN_SELF = YES;
				CLANG_WARN_OBJC_LITERAL_CONVERSION = YES;
				CLANG_WARN_OBJC_ROOT_CLASS = YES_ERROR;
				CLANG_WARN_RANGE_LOOP_ANALYSIS = YES;
				CLANG_WARN_STRICT_PROTOTYPES = YES;
				CLANG_WARN_SUSPICIOUS_MOVE = YES;
				CLANG_WARN_UNGUARDED_AVAILABILITY = YES_AGGRESSIVE;
				CLANG_WARN_UNREACHABLE_CODE = YES;
				CLANG_WARN__DUPLICATE_METHOD_MATCH = YES;
				COPY_PHASE_STRIP = NO;
				DEBUG_INFORMATION_FORMAT = "dwarf-with-dsym";
				ENABLE_NS_ASSERTIONS = NO;
				ENABLE_STRICT_OBJC_MSGSEND = YES;
				GCC_C_LANGUAGE_STANDARD = gnu11;
				GCC_NO_COMMON_BLOCKS = YES;
				GCC_WARN_64_TO_32_BIT_CONVERSION = YES;
				GCC_WARN_ABOUT_RETURN_TYPE = YES_ERROR;
				GCC_WARN_UNDECLARED_SELECTOR = YES;
				GCC_WARN_UNINITIALIZED_AUTOS = YES_AGGRESSIVE;
				GCC_WARN_UNUSED_FUNCTION = YES;
				GCC_WARN_UNUSED_VARIABLE = YES;
				IPHONEOS_DEPLOYMENT_TARGET = 13.5;
				MTL_ENABLE_DEBUG_INFO = NO;
				MTL_FAST_MATH = YES;
				SDKROOT = iphoneos;
				SWIFT_COMPILATION_MODE = wholemodule;
				SWIFT_OPTIMIZATION_LEVEL = "-O";
				VALIDATE_PRODUCT = YES;
			};
			name = Release;
		};
		21FC0C0524779F1400BE7620 /* Debug */ = {
			isa = XCBuildConfiguration;
			buildSettings = {
				ASSETCATALOG_COMPILER_APPICON_NAME = AppIcon;
				CODE_SIGN_STYLE = Automatic;
				DEVELOPMENT_TEAM = QLJ84Q3ZSY;
				INFOPLIST_FILE = XYZMotionDetectorApp/Info.plist;
				LD_RUNPATH_SEARCH_PATHS = (
					"$(inherited)",
					"@executable_path/Frameworks",
				);
				PRODUCT_BUNDLE_IDENTIFIER = com.aveldanov.XYZMotionDetectorApp;
				PRODUCT_NAME = "$(TARGET_NAME)";
				SWIFT_VERSION = 5.0;
				TARGETED_DEVICE_FAMILY = "1,2";
			};
			name = Debug;
		};
		21FC0C0624779F1400BE7620 /* Release */ = {
			isa = XCBuildConfiguration;
			buildSettings = {
				ASSETCATALOG_COMPILER_APPICON_NAME = AppIcon;
				CODE_SIGN_STYLE = Automatic;
				DEVELOPMENT_TEAM = QLJ84Q3ZSY;
				INFOPLIST_FILE = XYZMotionDetectorApp/Info.plist;
				LD_RUNPATH_SEARCH_PATHS = (
					"$(inherited)",
					"@executable_path/Frameworks",
				);
				PRODUCT_BUNDLE_IDENTIFIER = com.aveldanov.XYZMotionDetectorApp;
				PRODUCT_NAME = "$(TARGET_NAME)";
				SWIFT_VERSION = 5.0;
				TARGETED_DEVICE_FAMILY = "1,2";
			};
			name = Release;
		};
/* End XCBuildConfiguration section */

/* Begin XCConfigurationList section */
		21FC0BEB24779F0F00BE7620 /* Build configuration list for PBXProject "XYZMotionDetectorApp" */ = {
			isa = XCConfigurationList;
			buildConfigurations = (
				21FC0C0224779F1400BE7620 /* Debug */,
				21FC0C0324779F1400BE7620 /* Release */,
			);
			defaultConfigurationIsVisible = 0;
			defaultConfigurationName = Release;
		};
		21FC0C0424779F1400BE7620 /* Build configuration list for PBXNativeTarget "XYZMotionDetectorApp" */ = {
			isa = XCConfigurationList;
			buildConfigurations = (
				21FC0C0524779F1400BE7620 /* Debug */,
				21FC0C0624779F1400BE7620 /* Release */,
			);
			defaultConfigurationIsVisible = 0;
			defaultConfigurationName = Release;
		};
/* End XCConfigurationList section */
	};
	rootObject = 21FC0BE824779F0F00BE7620 /* Project object */;
}
